PODS:
  - MBProgressHUD (0.9.2)
  - SDWebImage (3.8.2):
    - SDWebImage/Core (= 3.8.2)
  - SDWebImage/Core (3.8.2)
  - SwiftyJSON (3.0.0)

DEPENDENCIES:
  - MBProgressHUD (~> 0.9.2)
  - SDWebImage (~> 3.8)
  - SwiftyJSON (from `https://github.com/appsailor/SwiftyJSON.git`, branch `swift3`)

EXTERNAL SOURCES:
  SwiftyJSON:
    :branch: swift3
    :git: https://github.com/appsailor/SwiftyJSON.git

CHECKOUT OPTIONS:
  SwiftyJSON:
    :commit: de73429b38b8994f614fb27c5ec094bb8a4833f2
    :git: https://github.com/appsailor/SwiftyJSON.git

SPEC CHECKSUMS:
  MBProgressHUD: 1569cf7ace17a8bac47aabfbb8580a49690386d1
  SDWebImage: 098e97e6176540799c27e804c96653ee0833d13c
  SwiftyJSON: f57b2b44bc166617372d1c70773591fe9f0f5fd4

PODFILE CHECKSUM: eafd5cf20352b4fed3507bbe691e8629a6842924

COCOAPODS: 1.1.0.beta.1
