PODS:
  - Material (2.4.9):
    - Material/Core (= 2.4.9)
  - Material/Core (2.4.9)
  - MBProgressHUD (0.9.2)
  - SDWebImage (3.8.2):
    - SDWebImage/Core (= 3.8.2)
  - SDWebImage/Core (3.8.2)
  - SwiftyJSON (3.0.0)
  - Toast-Swift (2.0.0)

DEPENDENCIES:
  - Material (~> 2.0)
  - MBProgressHUD (~> 0.9.2)
  - SDWebImage (~> 3.8)
  - SwiftyJSON (from `https://github.com/appsailor/SwiftyJSON.git`, branch `swift3`)
  - Toast-Swift (~> 2.0.0)

EXTERNAL SOURCES:
  SwiftyJSON:
    :branch: swift3
    :git: https://github.com/appsailor/SwiftyJSON.git

CHECKOUT OPTIONS:
  SwiftyJSON:
    :commit: de73429b38b8994f614fb27c5ec094bb8a4833f2
    :git: https://github.com/appsailor/SwiftyJSON.git

SPEC CHECKSUMS:
  Material: be1e671e4e42e459630facc1cb7178e3a0c43700
  MBProgressHUD: 1569cf7ace17a8bac47aabfbb8580a49690386d1
  SDWebImage: 098e97e6176540799c27e804c96653ee0833d13c
  SwiftyJSON: f57b2b44bc166617372d1c70773591fe9f0f5fd4
  Toast-Swift: 5b2f8f720f7e78e48511f693df1f9c9a6e38a25a

PODFILE CHECKSUM: de33b22bfa41c12a0404debd0bdd6ed48f64dbfa

COCOAPODS: 1.2.0.beta.3
